
Microsoft Visual Studio Solution File, Format Version 12.00
# Visual Studio Version 16
VisualStudioVersion = 16.0.30717.126
MinimumVisualStudioVersion = 10.0.40219.1
Project("{9A19103F-16F7-4668-BE54-9A1E7A4F7556}") = "CPUSimulator.UI", "CPUSimulator.UI\CPUSimulator.UI.csproj", "{A1506DF0-CE64-4C01-A26C-643E3F9F1E75}"
EndProject
Project("{9A19103F-16F7-4668-BE54-9A1E7A4F7556}") = "Domain", "Domain\Domain.csproj", "{414E0B6D-C016-4A55-87B2-ED43998FA7D3}"
EndProject
Project("{9A19103F-16F7-4668-BE54-9A1E7A4F7556}") = "Domain.Test", "Domain.Test\Domain.Test.csproj", "{E71FED6D-C92A-4527-89EB-26B728F5EDBE}"
EndProject
Global
	GlobalSection(SolutionConfigurationPlatforms) = preSolution
		Debug|Any CPU = Debug|Any CPU
		Release|Any CPU = Release|Any CPU
	EndGlobalSection
	GlobalSection(ProjectConfigurationPlatforms) = postSolution
		{A1506DF0-CE64-4C01-A26C-643E3F9F1E75}.Debug|Any CPU.ActiveCfg = Debug|Any CPU
		{A1506DF0-CE64-4C01-A26C-643E3F9F1E75}.Debug|Any CPU.Build.0 = Debug|Any CPU
		{A1506DF0-CE64-4C01-A26C-643E3F9F1E75}.Release|Any CPU.ActiveCfg = Release|Any CPU
		{A1506DF0-CE64-4C01-A26C-643E3F9F1E75}.Release|Any CPU.Build.0 = Release|Any CPU
		{414E0B6D-C016-4A55-87B2-ED43998FA7D3}.Debug|Any CPU.ActiveCfg = Debug|Any CPU
		{414E0B6D-C016-4A55-87B2-ED43998FA7D3}.Debug|Any CPU.Build.0 = Debug|Any CPU
		{414E0B6D-C016-4A55-87B2-ED43998FA7D3}.Release|Any CPU.ActiveCfg = Release|Any CPU
		{414E0B6D-C016-4A55-87B2-ED43998FA7D3}.Release|Any CPU.Build.0 = Release|Any CPU
		{E71FED6D-C92A-4527-89EB-26B728F5EDBE}.Debug|Any CPU.ActiveCfg = Debug|Any CPU
		{E71FED6D-C92A-4527-89EB-26B728F5EDBE}.Debug|Any CPU.Build.0 = Debug|Any CPU
		{E71FED6D-C92A-4527-89EB-26B728F5EDBE}.Release|Any CPU.ActiveCfg = Release|Any CPU
		{E71FED6D-C92A-4527-89EB-26B728F5EDBE}.Release|Any CPU.Build.0 = Release|Any CPU
	EndGlobalSection
	GlobalSection(SolutionProperties) = preSolution
		HideSolutionNode = FALSE
	EndGlobalSection
	GlobalSection(ExtensibilityGlobals) = postSolution
		SolutionGuid = {09ADE3C8-1058-4B74-AEEF-05D815763F69}
	EndGlobalSection
EndGlobal
